// !$*UTF8*$!
{
	archiveVersion = 1;
	classes = {
	};
	objectVersion = 55;
	objects = {

/* Begin PBXBuildFile section */
		0462C778281CB166007D50FC /* AppDelegate.swift in Sources */ = {isa = PBXBuildFile; fileRef = 0462C777281CB166007D50FC /* AppDelegate.swift */; };
		0462C77A281CB166007D50FC /* SceneDelegate.swift in Sources */ = {isa = PBXBuildFile; fileRef = 0462C779281CB166007D50FC /* SceneDelegate.swift */; };
		0462C77C281CB166007D50FC /* ViewController.swift in Sources */ = {isa = PBXBuildFile; fileRef = 0462C77B281CB166007D50FC /* ViewController.swift */; };
		0462C77F281CB166007D50FC /* Main.storyboard in Resources */ = {isa = PBXBuildFile; fileRef = 0462C77D281CB166007D50FC /* Main.storyboard */; };
		0462C781281CB168007D50FC /* Assets.xcassets in Resources */ = {isa = PBXBuildFile; fileRef = 0462C780281CB168007D50FC /* Assets.xcassets */; };
		0462C784281CB168007D50FC /* LaunchScreen.storyboard in Resources */ = {isa = PBXBuildFile; fileRef = 0462C782281CB168007D50FC /* LaunchScreen.storyboard */; };
		0462C78F281CB168007D50FC /* PlaybackScrubberTests.swift in Sources */ = {isa = PBXBuildFile; fileRef = 0462C78E281CB168007D50FC /* PlaybackScrubberTests.swift */; };
		0462C799281CB168007D50FC /* PlaybackScrubberUITests.swift in Sources */ = {isa = PBXBuildFile; fileRef = 0462C798281CB168007D50FC /* PlaybackScrubberUITests.swift */; };
		0462C79B281CB168007D50FC /* PlaybackScrubberUITestsLaunchTests.swift in Sources */ = {isa = PBXBuildFile; fileRef = 0462C79A281CB168007D50FC /* PlaybackScrubberUITestsLaunchTests.swift */; };
		0481D443281E11A000AF8B7C /* PlaybackScrubber.swift in Sources */ = {isa = PBXBuildFile; fileRef = 0481D442281E11A000AF8B7C /* PlaybackScrubber.swift */; };
		0481D445281F018600AF8B7C /* Extensions.swift in Sources */ = {isa = PBXBuildFile; fileRef = 0481D444281F018600AF8B7C /* Extensions.swift */; };
		0481D447281F01BA00AF8B7C /* ExtensionTests.swift in Sources */ = {isa = PBXBuildFile; fileRef = 0481D446281F01BA00AF8B7C /* ExtensionTests.swift */; };
		04C7D4462820069F00EC35A5 /* ShapeView.swift in Sources */ = {isa = PBXBuildFile; fileRef = 04C7D4452820069F00EC35A5 /* ShapeView.swift */; };
/* End PBXBuildFile section */

/* Begin PBXContainerItemProxy section */
		0462C78B281CB168007D50FC /* PBXContainerItemProxy */ = {
			isa = PBXContainerItemProxy;
			containerPortal = 0462C76C281CB166007D50FC /* Project object */;
			proxyType = 1;
			remoteGlobalIDString = 0462C773281CB166007D50FC;
			remoteInfo = PlaybackScrubber;
		};
		0462C795281CB168007D50FC /* PBXContainerItemProxy */ = {
			isa = PBXContainerItemProxy;
			containerPortal = 0462C76C281CB166007D50FC /* Project object */;
			proxyType = 1;
			remoteGlobalIDString = 0462C773281CB166007D50FC;
			remoteInfo = PlaybackScrubber;
		};
/* End PBXContainerItemProxy section */

/* Begin PBXFileReference section */
		0462C774281CB166007D50FC /* PlaybackScrubber.app */ = {isa = PBXFileReference; explicitFileType = wrapper.application; includeInIndex = 0; path = PlaybackScrubber.app; sourceTree = BUILT_PRODUCTS_DIR; };
		0462C777281CB166007D50FC /* AppDelegate.swift */ = {isa = PBXFileReference; lastKnownFileType = sourcecode.swift; path = AppDelegate.swift; sourceTree = "<group>"; };
		0462C779281CB166007D50FC /* SceneDelegate.swift */ = {isa = PBXFileReference; lastKnownFileType = sourcecode.swift; path = SceneDelegate.swift; sourceTree = "<group>"; };
		0462C77B281CB166007D50FC /* ViewController.swift */ = {isa = PBXFileReference; lastKnownFileType = sourcecode.swift; path = ViewController.swift; sourceTree = "<group>"; };
		0462C77E281CB166007D50FC /* Base */ = {isa = PBXFileReference; lastKnownFileType = file.storyboard; name = Base; path = Base.lproj/Main.storyboard; sourceTree = "<group>"; };
		0462C780281CB168007D50FC /* Assets.xcassets */ = {isa = PBXFileReference; lastKnownFileType = folder.assetcatalog; path = Assets.xcassets; sourceTree = "<group>"; };
		0462C783281CB168007D50FC /* Base */ = {isa = PBXFileReference; lastKnownFileType = file.storyboard; name = Base; path = Base.lproj/LaunchScreen.storyboard; sourceTree = "<group>"; };
		0462C785281CB168007D50FC /* Info.plist */ = {isa = PBXFileReference; lastKnownFileType = text.plist.xml; path = Info.plist; sourceTree = "<group>"; };
		0462C78A281CB168007D50FC /* PlaybackScrubberTests.xctest */ = {isa = PBXFileReference; explicitFileType = wrapper.cfbundle; includeInIndex = 0; path = PlaybackScrubberTests.xctest; sourceTree = BUILT_PRODUCTS_DIR; };
		0462C78E281CB168007D50FC /* PlaybackScrubberTests.swift */ = {isa = PBXFileReference; lastKnownFileType = sourcecode.swift; path = PlaybackScrubberTests.swift; sourceTree = "<group>"; };
		0462C794281CB168007D50FC /* PlaybackScrubberUITests.xctest */ = {isa = PBXFileReference; explicitFileType = wrapper.cfbundle; includeInIndex = 0; path = PlaybackScrubberUITests.xctest; sourceTree = BUILT_PRODUCTS_DIR; };
		0462C798281CB168007D50FC /* PlaybackScrubberUITests.swift */ = {isa = PBXFileReference; lastKnownFileType = sourcecode.swift; path = PlaybackScrubberUITests.swift; sourceTree = "<group>"; };
		0462C79A281CB168007D50FC /* PlaybackScrubberUITestsLaunchTests.swift */ = {isa = PBXFileReference; lastKnownFileType = sourcecode.swift; path = PlaybackScrubberUITestsLaunchTests.swift; sourceTree = "<group>"; };
		0481D442281E11A000AF8B7C /* PlaybackScrubber.swift */ = {isa = PBXFileReference; lastKnownFileType = sourcecode.swift; path = PlaybackScrubber.swift; sourceTree = "<group>"; };
		0481D444281F018600AF8B7C /* Extensions.swift */ = {isa = PBXFileReference; lastKnownFileType = sourcecode.swift; path = Extensions.swift; sourceTree = "<group>"; };
		0481D446281F01BA00AF8B7C /* ExtensionTests.swift */ = {isa = PBXFileReference; lastKnownFileType = sourcecode.swift; path = ExtensionTests.swift; sourceTree = "<group>"; };
		04C7D4452820069F00EC35A5 /* ShapeView.swift */ = {isa = PBXFileReference; lastKnownFileType = sourcecode.swift; path = ShapeView.swift; sourceTree = "<group>"; };
/* End PBXFileReference section */

/* Begin PBXFrameworksBuildPhase section */
		0462C771281CB166007D50FC /* Frameworks */ = {
			isa = PBXFrameworksBuildPhase;
			buildActionMask = 2147483647;
			files = (
			);
			runOnlyForDeploymentPostprocessing = 0;
		};
		0462C787281CB168007D50FC /* Frameworks */ = {
			isa = PBXFrameworksBuildPhase;
			buildActionMask = 2147483647;
			files = (
			);
			runOnlyForDeploymentPostprocessing = 0;
		};
		0462C791281CB168007D50FC /* Frameworks */ = {
			isa = PBXFrameworksBuildPhase;
			buildActionMask = 2147483647;
			files = (
			);
			runOnlyForDeploymentPostprocessing = 0;
		};
/* End PBXFrameworksBuildPhase section */

/* Begin PBXGroup section */
		0462C76B281CB166007D50FC = {
			isa = PBXGroup;
			children = (
				0462C776281CB166007D50FC /* PlaybackScrubber */,
				0462C78D281CB168007D50FC /* PlaybackScrubberTests */,
				0462C797281CB168007D50FC /* PlaybackScrubberUITests */,
				0462C775281CB166007D50FC /* Products */,
			);
			sourceTree = "<group>";
		};
		0462C775281CB166007D50FC /* Products */ = {
			isa = PBXGroup;
			children = (
				0462C774281CB166007D50FC /* PlaybackScrubber.app */,
				0462C78A281CB168007D50FC /* PlaybackScrubberTests.xctest */,
				0462C794281CB168007D50FC /* PlaybackScrubberUITests.xctest */,
			);
			name = Products;
			sourceTree = "<group>";
		};
		0462C776281CB166007D50FC /* PlaybackScrubber */ = {
			isa = PBXGroup;
			children = (
				0462C777281CB166007D50FC /* AppDelegate.swift */,
				0462C779281CB166007D50FC /* SceneDelegate.swift */,
				0462C77B281CB166007D50FC /* ViewController.swift */,
				0481D442281E11A000AF8B7C /* PlaybackScrubber.swift */,
				04C7D4452820069F00EC35A5 /* ShapeView.swift */,
				0481D444281F018600AF8B7C /* Extensions.swift */,
				0462C77D281CB166007D50FC /* Main.storyboard */,
				0462C780281CB168007D50FC /* Assets.xcassets */,
				0462C782281CB168007D50FC /* LaunchScreen.storyboard */,
				0462C785281CB168007D50FC /* Info.plist */,
			);
			path = PlaybackScrubber;
			sourceTree = "<group>";
		};
		0462C78D281CB168007D50FC /* PlaybackScrubberTests */ = {
			isa = PBXGroup;
			children = (
				0462C78E281CB168007D50FC /* PlaybackScrubberTests.swift */,
				0481D446281F01BA00AF8B7C /* ExtensionTests.swift */,
			);
			path = PlaybackScrubberTests;
			sourceTree = "<group>";
		};
		0462C797281CB168007D50FC /* PlaybackScrubberUITests */ = {
			isa = PBXGroup;
			children = (
				0462C798281CB168007D50FC /* PlaybackScrubberUITests.swift */,
				0462C79A281CB168007D50FC /* PlaybackScrubberUITestsLaunchTests.swift */,
			);
			path = PlaybackScrubberUITests;
			sourceTree = "<group>";
		};
/* End PBXGroup section */

/* Begin PBXNativeTarget section */
		0462C773281CB166007D50FC /* PlaybackScrubber */ = {
			isa = PBXNativeTarget;
			buildConfigurationList = 0462C79E281CB168007D50FC /* Build configuration list for PBXNativeTarget "PlaybackScrubber" */;
			buildPhases = (
				0462C770281CB166007D50FC /* Sources */,
				0462C771281CB166007D50FC /* Frameworks */,
				0462C772281CB166007D50FC /* Resources */,
			);
			buildRules = (
			);
			dependencies = (
			);
			name = PlaybackScrubber;
			productName = PlaybackScrubber;
			productReference = 0462C774281CB166007D50FC /* PlaybackScrubber.app */;
			productType = "com.apple.product-type.application";
		};
		0462C789281CB168007D50FC /* PlaybackScrubberTests */ = {
			isa = PBXNativeTarget;
			buildConfigurationList = 0462C7A1281CB168007D50FC /* Build configuration list for PBXNativeTarget "PlaybackScrubberTests" */;
			buildPhases = (
				0462C786281CB168007D50FC /* Sources */,
				0462C787281CB168007D50FC /* Frameworks */,
				0462C788281CB168007D50FC /* Resources */,
			);
			buildRules = (
			);
			dependencies = (
				0462C78C281CB168007D50FC /* PBXTargetDependency */,
			);
			name = PlaybackScrubberTests;
			productName = PlaybackScrubberTests;
			productReference = 0462C78A281CB168007D50FC /* PlaybackScrubberTests.xctest */;
			productType = "com.apple.product-type.bundle.unit-test";
		};
		0462C793281CB168007D50FC /* PlaybackScrubberUITests */ = {
			isa = PBXNativeTarget;
			buildConfigurationList = 0462C7A4281CB168007D50FC /* Build configuration list for PBXNativeTarget "PlaybackScrubberUITests" */;
			buildPhases = (
				0462C790281CB168007D50FC /* Sources */,
				0462C791281CB168007D50FC /* Frameworks */,
				0462C792281CB168007D50FC /* Resources */,
			);
			buildRules = (
			);
			dependencies = (
				0462C796281CB168007D50FC /* PBXTargetDependency */,
			);
			name = PlaybackScrubberUITests;
			productName = PlaybackScrubberUITests;
			productReference = 0462C794281CB168007D50FC /* PlaybackScrubberUITests.xctest */;
			productType = "com.apple.product-type.bundle.ui-testing";
		};
/* End PBXNativeTarget section */

/* Begin PBXProject section */
		0462C76C281CB166007D50FC /* Project object */ = {
			isa = PBXProject;
			attributes = {
				BuildIndependentTargetsInParallel = 1;
				LastSwiftUpdateCheck = 1310;
				LastUpgradeCheck = 1310;
				TargetAttributes = {
					0462C773281CB166007D50FC = {
						CreatedOnToolsVersion = 13.1;
					};
					0462C789281CB168007D50FC = {
						CreatedOnToolsVersion = 13.1;
						TestTargetID = 0462C773281CB166007D50FC;
					};
					0462C793281CB168007D50FC = {
						CreatedOnToolsVersion = 13.1;
						TestTargetID = 0462C773281CB166007D50FC;
					};
				};
			};
			buildConfigurationList = 0462C76F281CB166007D50FC /* Build configuration list for PBXProject "PlaybackScrubber" */;
			compatibilityVersion = "Xcode 13.0";
			developmentRegion = en;
			hasScannedForEncodings = 0;
			knownRegions = (
				en,
				Base,
			);
			mainGroup = 0462C76B281CB166007D50FC;
			productRefGroup = 0462C775281CB166007D50FC /* Products */;
			projectDirPath = "";
			projectRoot = "";
			targets = (
				0462C773281CB166007D50FC /* PlaybackScrubber */,
				0462C789281CB168007D50FC /* PlaybackScrubberTests */,
				0462C793281CB168007D50FC /* PlaybackScrubberUITests */,
			);
		};
/* End PBXProject section */

/* Begin PBXResourcesBuildPhase section */
		0462C772281CB166007D50FC /* Resources */ = {
			isa = PBXResourcesBuildPhase;
			buildActionMask = 2147483647;
			files = (
				0462C784281CB168007D50FC /* LaunchScreen.storyboard in Resources */,
				0462C781281CB168007D50FC /* Assets.xcassets in Resources */,
				0462C77F281CB166007D50FC /* Main.storyboard in Resources */,
			);
			runOnlyForDeploymentPostprocessing = 0;
		};
		0462C788281CB168007D50FC /* Resources */ = {
			isa = PBXResourcesBuildPhase;
			buildActionMask = 2147483647;
			files = (
			);
			runOnlyForDeploymentPostprocessing = 0;
		};
		0462C792281CB168007D50FC /* Resources */ = {
			isa = PBXResourcesBuildPhase;
			buildActionMask = 2147483647;
			files = (
			);
			runOnlyForDeploymentPostprocessing = 0;
		};
/* End PBXResourcesBuildPhase section */

/* Begin PBXSourcesBuildPhase section */
		0462C770281CB166007D50FC /* Sources */ = {
			isa = PBXSourcesBuildPhase;
			buildActionMask = 2147483647;
			files = (
				04C7D4462820069F00EC35A5 /* ShapeView.swift in Sources */,
				0481D445281F018600AF8B7C /* Extensions.swift in Sources */,
				0481D443281E11A000AF8B7C /* PlaybackScrubber.swift in Sources */,
				0462C77C281CB166007D50FC /* ViewController.swift in Sources */,
				0462C778281CB166007D50FC /* AppDelegate.swift in Sources */,
				0462C77A281CB166007D50FC /* SceneDelegate.swift in Sources */,
			);
			runOnlyForDeploymentPostprocessing = 0;
		};
		0462C786281CB168007D50FC /* Sources */ = {
			isa = PBXSourcesBuildPhase;
			buildActionMask = 2147483647;
			files = (
				0462C78F281CB168007D50FC /* PlaybackScrubberTests.swift in Sources */,
				0481D447281F01BA00AF8B7C /* ExtensionTests.swift in Sources */,
			);
			runOnlyForDeploymentPostprocessing = 0;
		};
		0462C790281CB168007D50FC /* Sources */ = {
			isa = PBXSourcesBuildPhase;
			buildActionMask = 2147483647;
			files = (
				0462C799281CB168007D50FC /* PlaybackScrubberUITests.swift in Sources */,
				0462C79B281CB168007D50FC /* PlaybackScrubberUITestsLaunchTests.swift in Sources */,
			);
			runOnlyForDeploymentPostprocessing = 0;
		};
/* End PBXSourcesBuildPhase section */

/* Begin PBXTargetDependency section */
		0462C78C281CB168007D50FC /* PBXTargetDependency */ = {
			isa = PBXTargetDependency;
			target = 0462C773281CB166007D50FC /* PlaybackScrubber */;
			targetProxy = 0462C78B281CB168007D50FC /* PBXContainerItemProxy */;
		};
		0462C796281CB168007D50FC /* PBXTargetDependency */ = {
			isa = PBXTargetDependency;
			target = 0462C773281CB166007D50FC /* PlaybackScrubber */;
			targetProxy = 0462C795281CB168007D50FC /* PBXContainerItemProxy */;
		};
/* End PBXTargetDependency section */

/* Begin PBXVariantGroup section */
		0462C77D281CB166007D50FC /* Main.storyboard */ = {
			isa = PBXVariantGroup;
			children = (
				0462C77E281CB166007D50FC /* Base */,
			);
			name = Main.storyboard;
			sourceTree = "<group>";
		};
		0462C782281CB168007D50FC /* LaunchScreen.storyboard */ = {
			isa = PBXVariantGroup;
			children = (
				0462C783281CB168007D50FC /* Base */,
			);
			name = LaunchScreen.storyboard;
			sourceTree = "<group>";
		};
/* End PBXVariantGroup section */

/* Begin XCBuildConfiguration section */
		0462C79C281CB168007D50FC /* Debug */ = {
			isa = XCBuildConfiguration;
			buildSettings = {
				ALWAYS_SEARCH_USER_PATHS = NO;
				CLANG_ANALYZER_NONNULL = YES;
				CLANG_ANALYZER_NUMBER_OBJECT_CONVERSION = YES_AGGRESSIVE;
				CLANG_CXX_LANGUAGE_STANDARD = "gnu++17";
				CLANG_CXX_LIBRARY = "libc++";
				CLANG_ENABLE_MODULES = YES;
				CLANG_ENABLE_OBJC_ARC = YES;
				CLANG_ENABLE_OBJC_WEAK = YES;
				CLANG_WARN_BLOCK_CAPTURE_AUTORELEASING = YES;
				CLANG_WARN_BOOL_CONVERSION = YES;
				CLANG_WARN_COMMA = YES;
				CLANG_WARN_CONSTANT_CONVERSION = YES;
				CLANG_WARN_DEPRECATED_OBJC_IMPLEMENTATIONS = YES;
				CLANG_WARN_DIRECT_OBJC_ISA_USAGE = YES_ERROR;
				CLANG_WARN_DOCUMENTATION_COMMENTS = YES;
				CLANG_WARN_EMPTY_BODY = YES;
				CLANG_WARN_ENUM_CONVERSION = YES;
				CLANG_WARN_INFINITE_RECURSION = YES;
				CLANG_WARN_INT_CONVERSION = YES;
				CLANG_WARN_NON_LITERAL_NULL_CONVERSION = YES;
				CLANG_WARN_OBJC_IMPLICIT_RETAIN_SELF = YES;
				CLANG_WARN_OBJC_LITERAL_CONVERSION = YES;
				CLANG_WARN_OBJC_ROOT_CLASS = YES_ERROR;
				CLANG_WARN_QUOTED_INCLUDE_IN_FRAMEWORK_HEADER = YES;
				CLANG_WARN_RANGE_LOOP_ANALYSIS = YES;
				CLANG_WARN_STRICT_PROTOTYPES = YES;
				CLANG_WARN_SUSPICIOUS_MOVE = YES;
				CLANG_WARN_UNGUARDED_AVAILABILITY = YES_AGGRESSIVE;
				CLANG_WARN_UNREACHABLE_CODE = YES;
				CLANG_WARN__DUPLICATE_METHOD_MATCH = YES;
				COPY_PHASE_STRIP = NO;
				DEBUG_INFORMATION_FORMAT = dwarf;
				ENABLE_STRICT_OBJC_MSGSEND = YES;
				ENABLE_TESTABILITY = YES;
				GCC_C_LANGUAGE_STANDARD = gnu11;
				GCC_DYNAMIC_NO_PIC = NO;
				GCC_NO_COMMON_BLOCKS = YES;
				GCC_OPTIMIZATION_LEVEL = 0;
				GCC_PREPROCESSOR_DEFINITIONS = (
					"DEBUG=1",
					"$(inherited)",
				);
				GCC_WARN_64_TO_32_BIT_CONVERSION = YES;
				GCC_WARN_ABOUT_RETURN_TYPE = YES_ERROR;
				GCC_WARN_UNDECLARED_SELECTOR = YES;
				GCC_WARN_UNINITIALIZED_AUTOS = YES_AGGRESSIVE;
				GCC_WARN_UNUSED_FUNCTION = YES;
				GCC_WARN_UNUSED_VARIABLE = YES;
				IPHONEOS_DEPLOYMENT_TARGET = 15.0;
				MTL_ENABLE_DEBUG_INFO = INCLUDE_SOURCE;
				MTL_FAST_MATH = YES;
				ONLY_ACTIVE_ARCH = YES;
				SDKROOT = iphoneos;
				SWIFT_ACTIVE_COMPILATION_CONDITIONS = DEBUG;
				SWIFT_OPTIMIZATION_LEVEL = "-Onone";
			};
			name = Debug;
		};
		0462C79D281CB168007D50FC /* Release */ = {
			isa = XCBuildConfiguration;
			buildSettings = {
				ALWAYS_SEARCH_USER_PATHS = NO;
				CLANG_ANALYZER_NONNULL = YES;
				CLANG_ANALYZER_NUMBER_OBJECT_CONVERSION = YES_AGGRESSIVE;
				CLANG_CXX_LANGUAGE_STANDARD = "gnu++17";
				CLANG_CXX_LIBRARY = "libc++";
				CLANG_ENABLE_MODULES = YES;
				CLANG_ENABLE_OBJC_ARC = YES;
				CLANG_ENABLE_OBJC_WEAK = YES;
				CLANG_WARN_BLOCK_CAPTURE_AUTORELEASING = YES;
				CLANG_WARN_BOOL_CONVERSION = YES;
				CLANG_WARN_COMMA = YES;
				CLANG_WARN_CONSTANT_CONVERSION = YES;
				CLANG_WARN_DEPRECATED_OBJC_IMPLEMENTATIONS = YES;
				CLANG_WARN_DIRECT_OBJC_ISA_USAGE = YES_ERROR;
				CLANG_WARN_DOCUMENTATION_COMMENTS = YES;
				CLANG_WARN_EMPTY_BODY = YES;
				CLANG_WARN_ENUM_CONVERSION = YES;
				CLANG_WARN_INFINITE_RECURSION = YES;
				CLANG_WARN_INT_CONVERSION = YES;
				CLANG_WARN_NON_LITERAL_NULL_CONVERSION = YES;
				CLANG_WARN_OBJC_IMPLICIT_RETAIN_SELF = YES;
				CLANG_WARN_OBJC_LITERAL_CONVERSION = YES;
				CLANG_WARN_OBJC_ROOT_CLASS = YES_ERROR;
				CLANG_WARN_QUOTED_INCLUDE_IN_FRAMEWORK_HEADER = YES;
				CLANG_WARN_RANGE_LOOP_ANALYSIS = YES;
				CLANG_WARN_STRICT_PROTOTYPES = YES;
				CLANG_WARN_SUSPICIOUS_MOVE = YES;
				CLANG_WARN_UNGUARDED_AVAILABILITY = YES_AGGRESSIVE;
				CLANG_WARN_UNREACHABLE_CODE = YES;
				CLANG_WARN__DUPLICATE_METHOD_MATCH = YES;
				COPY_PHASE_STRIP = NO;
				DEBUG_INFORMATION_FORMAT = "dwarf-with-dsym";
				ENABLE_NS_ASSERTIONS = NO;
				ENABLE_STRICT_OBJC_MSGSEND = YES;
				GCC_C_LANGUAGE_STANDARD = gnu11;
				GCC_NO_COMMON_BLOCKS = YES;
				GCC_WARN_64_TO_32_BIT_CONVERSION = YES;
				GCC_WARN_ABOUT_RETURN_TYPE = YES_ERROR;
				GCC_WARN_UNDECLARED_SELECTOR = YES;
				GCC_WARN_UNINITIALIZED_AUTOS = YES_AGGRESSIVE;
				GCC_WARN_UNUSED_FUNCTION = YES;
				GCC_WARN_UNUSED_VARIABLE = YES;
				IPHONEOS_DEPLOYMENT_TARGET = 15.0;
				MTL_ENABLE_DEBUG_INFO = NO;
				MTL_FAST_MATH = YES;
				SDKROOT = iphoneos;
				SWIFT_COMPILATION_MODE = wholemodule;
				SWIFT_OPTIMIZATION_LEVEL = "-O";
				VALIDATE_PRODUCT = YES;
			};
			name = Release;
		};
		0462C79F281CB168007D50FC /* Debug */ = {
			isa = XCBuildConfiguration;
			buildSettings = {
				ASSETCATALOG_COMPILER_APPICON_NAME = AppIcon;
				ASSETCATALOG_COMPILER_GLOBAL_ACCENT_COLOR_NAME = AccentColor;
				CODE_SIGN_STYLE = Automatic;
				CURRENT_PROJECT_VERSION = 1;
				DEVELOPMENT_TEAM = 5264254JW2;
				GENERATE_INFOPLIST_FILE = YES;
				INFOPLIST_FILE = PlaybackScrubber/Info.plist;
				INFOPLIST_KEY_UIApplicationSupportsIndirectInputEvents = YES;
				INFOPLIST_KEY_UILaunchStoryboardName = LaunchScreen;
				INFOPLIST_KEY_UIMainStoryboardFile = Main;
				INFOPLIST_KEY_UISupportedInterfaceOrientations_iPad = "UIInterfaceOrientationPortrait UIInterfaceOrientationPortraitUpsideDown UIInterfaceOrientationLandscapeLeft UIInterfaceOrientationLandscapeRight";
				INFOPLIST_KEY_UISupportedInterfaceOrientations_iPhone = "UIInterfaceOrientationPortrait UIInterfaceOrientationLandscapeLeft UIInterfaceOrientationLandscapeRight";
				LD_RUNPATH_SEARCH_PATHS = (
					"$(inherited)",
					"@executable_path/Frameworks",
				);
				MARKETING_VERSION = 1.0;
				PRODUCT_BUNDLE_IDENTIFIER = com.swiftstudent.PlaybackScrubber;
				PRODUCT_NAME = "$(TARGET_NAME)";
				SWIFT_EMIT_LOC_STRINGS = YES;
				SWIFT_VERSION = 5.0;
				TARGETED_DEVICE_FAMILY = "1,2";
			};
			name = Debug;
		};
		0462C7A0281CB168007D50FC /* Release */ = {
			isa = XCBuildConfiguration;
			buildSettings = {
				ASSETCATALOG_COMPILER_APPICON_NAME = AppIcon;
				ASSETCATALOG_COMPILER_GLOBAL_ACCENT_COLOR_NAME = AccentColor;
				CODE_SIGN_STYLE = Automatic;
				CURRENT_PROJECT_VERSION = 1;
				DEVELOPMENT_TEAM = 5264254JW2;
				GENERATE_INFOPLIST_FILE = YES;
				INFOPLIST_FILE = PlaybackScrubber/Info.plist;
				INFOPLIST_KEY_UIApplicationSupportsIndirectInputEvents = YES;
				INFOPLIST_KEY_UILaunchStoryboardName = LaunchScreen;
				INFOPLIST_KEY_UIMainStoryboardFile = Main;
				INFOPLIST_KEY_UISupportedInterfaceOrientations_iPad = "UIInterfaceOrientationPortrait UIInterfaceOrientationPortraitUpsideDown UIInterfaceOrientationLandscapeLeft UIInterfaceOrientationLandscapeRight";
				INFOPLIST_KEY_UISupportedInterfaceOrientations_iPhone = "UIInterfaceOrientationPortrait UIInterfaceOrientationLandscapeLeft UIInterfaceOrientationLandscapeRight";
				LD_RUNPATH_SEARCH_PATHS = (
					"$(inherited)",
					"@executable_path/Frameworks",
				);
				MARKETING_VERSION = 1.0;
				PRODUCT_BUNDLE_IDENTIFIER = com.swiftstudent.PlaybackScrubber;
				PRODUCT_NAME = "$(TARGET_NAME)";
				SWIFT_EMIT_LOC_STRINGS = YES;
				SWIFT_VERSION = 5.0;
				TARGETED_DEVICE_FAMILY = "1,2";
			};
			name = Release;
		};
		0462C7A2281CB168007D50FC /* Debug */ = {
			isa = XCBuildConfiguration;
			buildSettings = {
				ALWAYS_EMBED_SWIFT_STANDARD_LIBRARIES = YES;
				BUNDLE_LOADER = "$(TEST_HOST)";
				CODE_SIGN_STYLE = Automatic;
				CURRENT_PROJECT_VERSION = 1;
				DEVELOPMENT_TEAM = 5264254JW2;
				GENERATE_INFOPLIST_FILE = YES;
				IPHONEOS_DEPLOYMENT_TARGET = 15.0;
				LD_RUNPATH_SEARCH_PATHS = (
					"$(inherited)",
					"@executable_path/Frameworks",
					"@loader_path/Frameworks",
				);
				MARKETING_VERSION = 1.0;
				PRODUCT_BUNDLE_IDENTIFIER = com.swiftstudent.PlaybackScrubberTests;
				PRODUCT_NAME = "$(TARGET_NAME)";
				SWIFT_EMIT_LOC_STRINGS = NO;
				SWIFT_VERSION = 5.0;
				TARGETED_DEVICE_FAMILY = "1,2";
				TEST_HOST = "$(BUILT_PRODUCTS_DIR)/PlaybackScrubber.app/PlaybackScrubber";
			};
			name = Debug;
		};
		0462C7A3281CB168007D50FC /* Release */ = {
			isa = XCBuildConfiguration;
			buildSettings = {
				ALWAYS_EMBED_SWIFT_STANDARD_LIBRARIES = YES;
				BUNDLE_LOADER = "$(TEST_HOST)";
				CODE_SIGN_STYLE = Automatic;
				CURRENT_PROJECT_VERSION = 1;
				DEVELOPMENT_TEAM = 5264254JW2;
				GENERATE_INFOPLIST_FILE = YES;
				IPHONEOS_DEPLOYMENT_TARGET = 15.0;
				LD_RUNPATH_SEARCH_PATHS = (
					"$(inherited)",
					"@executable_path/Frameworks",
					"@loader_path/Frameworks",
				);
				MARKETING_VERSION = 1.0;
				PRODUCT_BUNDLE_IDENTIFIER = com.swiftstudent.PlaybackScrubberTests;
				PRODUCT_NAME = "$(TARGET_NAME)";
				SWIFT_EMIT_LOC_STRINGS = NO;
				SWIFT_VERSION = 5.0;
				TARGETED_DEVICE_FAMILY = "1,2";
				TEST_HOST = "$(BUILT_PRODUCTS_DIR)/PlaybackScrubber.app/PlaybackScrubber";
			};
			name = Release;
		};
		0462C7A5281CB168007D50FC /* Debug */ = {
			isa = XCBuildConfiguration;
			buildSettings = {
				ALWAYS_EMBED_SWIFT_STANDARD_LIBRARIES = YES;
				CODE_SIGN_STYLE = Automatic;
				CURRENT_PROJECT_VERSION = 1;
				DEVELOPMENT_TEAM = 5264254JW2;
				GENERATE_INFOPLIST_FILE = YES;
				LD_RUNPATH_SEARCH_PATHS = (
					"$(inherited)",
					"@executable_path/Frameworks",
					"@loader_path/Frameworks",
				);
				MARKETING_VERSION = 1.0;
				PRODUCT_BUNDLE_IDENTIFIER = com.swiftstudent.PlaybackScrubberUITests;
				PRODUCT_NAME = "$(TARGET_NAME)";
				SWIFT_EMIT_LOC_STRINGS = NO;
				SWIFT_VERSION = 5.0;
				TARGETED_DEVICE_FAMILY = "1,2";
				TEST_TARGET_NAME = PlaybackScrubber;
			};
			name = Debug;
		};
		0462C7A6281CB168007D50FC /* Release */ = {
			isa = XCBuildConfiguration;
			buildSettings = {
				ALWAYS_EMBED_SWIFT_STANDARD_LIBRARIES = YES;
				CODE_SIGN_STYLE = Automatic;
				CURRENT_PROJECT_VERSION = 1;
				DEVELOPMENT_TEAM = 5264254JW2;
				GENERATE_INFOPLIST_FILE = YES;
				LD_RUNPATH_SEARCH_PATHS = (
					"$(inherited)",
					"@executable_path/Frameworks",
					"@loader_path/Frameworks",
				);
				MARKETING_VERSION = 1.0;
				PRODUCT_BUNDLE_IDENTIFIER = com.swiftstudent.PlaybackScrubberUITests;
				PRODUCT_NAME = "$(TARGET_NAME)";
				SWIFT_EMIT_LOC_STRINGS = NO;
				SWIFT_VERSION = 5.0;
				TARGETED_DEVICE_FAMILY = "1,2";
				TEST_TARGET_NAME = PlaybackScrubber;
			};
			name = Release;
		};
/* End XCBuildConfiguration section */

/* Begin XCConfigurationList section */
		0462C76F281CB166007D50FC /* Build configuration list for PBXProject "PlaybackScrubber" */ = {
			isa = XCConfigurationList;
			buildConfigurations = (
				0462C79C281CB168007D50FC /* Debug */,
				0462C79D281CB168007D50FC /* Release */,
			);
			defaultConfigurationIsVisible = 0;
			defaultConfigurationName = Release;
		};
		0462C79E281CB168007D50FC /* Build configuration list for PBXNativeTarget "PlaybackScrubber" */ = {
			isa = XCConfigurationList;
			buildConfigurations = (
				0462C79F281CB168007D50FC /* Debug */,
				0462C7A0281CB168007D50FC /* Release */,
			);
			defaultConfigurationIsVisible = 0;
			defaultConfigurationName = Release;
		};
		0462C7A1281CB168007D50FC /* Build configuration list for PBXNativeTarget "PlaybackScrubberTests" */ = {
			isa = XCConfigurationList;
			buildConfigurations = (
				0462C7A2281CB168007D50FC /* Debug */,
				0462C7A3281CB168007D50FC /* Release */,
			);
			defaultConfigurationIsVisible = 0;
			defaultConfigurationName = Release;
		};
		0462C7A4281CB168007D50FC /* Build configuration list for PBXNativeTarget "PlaybackScrubberUITests" */ = {
			isa = XCConfigurationList;
			buildConfigurations = (
				0462C7A5281CB168007D50FC /* Debug */,
				0462C7A6281CB168007D50FC /* Release */,
			);
			defaultConfigurationIsVisible = 0;
			defaultConfigurationName = Release;
		};
/* End XCConfigurationList section */
	};
	rootObject = 0462C76C281CB166007D50FC /* Project object */;
}
